// !$*UTF8*$!
{
	archiveVersion = 1;
	classes = {
	};
	objectVersion = 56;
	objects = {

/* Begin PBXBuildFile section */
		B408C04A29C4A422007E5C8A /* NetworkService.swift in Sources */ = {isa = PBXBuildFile; fileRef = B408C04929C4A422007E5C8A /* NetworkService.swift */; };
		B4148AE62995182400CB1B20 /* ProfileListMode.swift in Sources */ = {isa = PBXBuildFile; fileRef = B4148AE52995182400CB1B20 /* ProfileListMode.swift */; };
		B448D390298F53140042C0BF /* SnapKit in Frameworks */ = {isa = PBXBuildFile; productRef = B448D38F298F53140042C0BF /* SnapKit */; };
		B448D394298F61540042C0BF /* RatingSlider.swift in Sources */ = {isa = PBXBuildFile; fileRef = B448D393298F61540042C0BF /* RatingSlider.swift */; };
		B448D398298F77590042C0BF /* BookmarkMovieRepository.swift in Sources */ = {isa = PBXBuildFile; fileRef = B448D397298F77590042C0BF /* BookmarkMovieRepository.swift */; };
		B448D39A298F92540042C0BF /* ProfileBookmarkCell.swift in Sources */ = {isa = PBXBuildFile; fileRef = B448D399298F92540042C0BF /* ProfileBookmarkCell.swift */; };
		B45638D0298DF02D00C42861 /* AppDelegate.swift in Sources */ = {isa = PBXBuildFile; fileRef = B45638CF298DF02D00C42861 /* AppDelegate.swift */; };
		B45638D2298DF02D00C42861 /* SceneDelegate.swift in Sources */ = {isa = PBXBuildFile; fileRef = B45638D1298DF02D00C42861 /* SceneDelegate.swift */; };
		B45638D4298DF02D00C42861 /* FeedController.swift in Sources */ = {isa = PBXBuildFile; fileRef = B45638D3298DF02D00C42861 /* FeedController.swift */; };
		B45638D9298DF02F00C42861 /* Assets.xcassets in Resources */ = {isa = PBXBuildFile; fileRef = B45638D8298DF02F00C42861 /* Assets.xcassets */; };
		B45638DC298DF02F00C42861 /* LaunchScreen.storyboard in Resources */ = {isa = PBXBuildFile; fileRef = B45638DA298DF02F00C42861 /* LaunchScreen.storyboard */; };
		B45638E7298DF02F00C42861 /* MoviestagramTests.swift in Sources */ = {isa = PBXBuildFile; fileRef = B45638E6298DF02F00C42861 /* MoviestagramTests.swift */; };
		B4563908298DF46000C42861 /* UIView+.swift in Sources */ = {isa = PBXBuildFile; fileRef = B4563907298DF46000C42861 /* UIView+.swift */; };
		B456390A298DF4F400C42861 /* ReusableView.swift in Sources */ = {isa = PBXBuildFile; fileRef = B4563909298DF4F400C42861 /* ReusableView.swift */; };
		B456390C298DF50000C42861 /* UITableView+.swift in Sources */ = {isa = PBXBuildFile; fileRef = B456390B298DF50000C42861 /* UITableView+.swift */; };
		B456390E298DF56A00C42861 /* Array+.swift in Sources */ = {isa = PBXBuildFile; fileRef = B456390D298DF56A00C42861 /* Array+.swift */; };
		B4563910298DF66B00C42861 /* FeedCell.swift in Sources */ = {isa = PBXBuildFile; fileRef = B456390F298DF66B00C42861 /* FeedCell.swift */; };
		B4563914298DFE1900C42861 /* MovieResponse.swift in Sources */ = {isa = PBXBuildFile; fileRef = B4563913298DFE1900C42861 /* MovieResponse.swift */; };
		B4563918298DFEA300C42861 /* YTSMovieAPIRepository.swift in Sources */ = {isa = PBXBuildFile; fileRef = B4563917298DFEA300C42861 /* YTSMovieAPIRepository.swift */; };
		B456391A298E08D300C42861 /* Movie.swift in Sources */ = {isa = PBXBuildFile; fileRef = B4563919298E08D300C42861 /* Movie.swift */; };
		B456391D298E09DE00C42861 /* NetworkError.swift in Sources */ = {isa = PBXBuildFile; fileRef = B456391C298E09DE00C42861 /* NetworkError.swift */; };
		B4563920298E19A500C42861 /* Kingfisher in Frameworks */ = {isa = PBXBuildFile; productRef = B456391F298E19A500C42861 /* Kingfisher */; };
		B4563922298E1A8E00C42861 /* UIImageView+.swift in Sources */ = {isa = PBXBuildFile; fileRef = B4563921298E1A8E00C42861 /* UIImageView+.swift */; };
		B47B9AC4298E563700025D0C /* MainTabController.swift in Sources */ = {isa = PBXBuildFile; fileRef = B47B9AC3298E563700025D0C /* MainTabController.swift */; };
		B47B9AC6298E582D00025D0C /* ProfileController.swift in Sources */ = {isa = PBXBuildFile; fileRef = B47B9AC5298E582D00025D0C /* ProfileController.swift */; };
		B47B9AC8298E589300025D0C /* SearchController.swift in Sources */ = {isa = PBXBuildFile; fileRef = B47B9AC7298E589300025D0C /* SearchController.swift */; };
		B47B9ACD298E5C3800025D0C /* Rachel Roman.ttf in Resources */ = {isa = PBXBuildFile; fileRef = B47B9ACB298E5C3800025D0C /* Rachel Roman.ttf */; };
		B47B9ACE298E5C3800025D0C /* Rachel italic.ttf in Resources */ = {isa = PBXBuildFile; fileRef = B47B9ACC298E5C3800025D0C /* Rachel italic.ttf */; };
		B47B9AD0298E5C9E00025D0C /* UIFont+.swift in Sources */ = {isa = PBXBuildFile; fileRef = B47B9ACF298E5C9E00025D0C /* UIFont+.swift */; };
		B47B9AD2298E602F00025D0C /* SearchCell.swift in Sources */ = {isa = PBXBuildFile; fileRef = B47B9AD1298E602F00025D0C /* SearchCell.swift */; };
		B47B9AD4298E7AF400025D0C /* UIViewController+.swift in Sources */ = {isa = PBXBuildFile; fileRef = B47B9AD3298E7AF400025D0C /* UIViewController+.swift */; };
		B47B9AD6298E8BFF00025D0C /* FetchMovieOptionQuery.swift in Sources */ = {isa = PBXBuildFile; fileRef = B47B9AD5298E8BFF00025D0C /* FetchMovieOptionQuery.swift */; };
		B47B9AD8298E93BA00025D0C /* StringUtil.swift in Sources */ = {isa = PBXBuildFile; fileRef = B47B9AD7298E93BA00025D0C /* StringUtil.swift */; };
		B47B9ADA298E9BE900025D0C /* DetailController.swift in Sources */ = {isa = PBXBuildFile; fileRef = B47B9AD9298E9BE900025D0C /* DetailController.swift */; };
		B484941029962AEC007D42AC /* Constants.swift in Sources */ = {isa = PBXBuildFile; fileRef = B484940F29962AEC007D42AC /* Constants.swift */; };
		B484941229989D87007D42AC /* FeedCellViewModel.swift in Sources */ = {isa = PBXBuildFile; fileRef = B484941129989D87007D42AC /* FeedCellViewModel.swift */; };
		B484941429989FBA007D42AC /* SearchCellViewModel.swift in Sources */ = {isa = PBXBuildFile; fileRef = B484941329989FBA007D42AC /* SearchCellViewModel.swift */; };
		B486627E2990FD0A002B4ACB /* FeedViewModel.swift in Sources */ = {isa = PBXBuildFile; fileRef = B486627D2990FD0A002B4ACB /* FeedViewModel.swift */; };
		B486628029910382002B4ACB /* ProfileViewModel.swift in Sources */ = {isa = PBXBuildFile; fileRef = B486627F29910382002B4ACB /* ProfileViewModel.swift */; };
		B48662822991151F002B4ACB /* SearchViewModel.swift in Sources */ = {isa = PBXBuildFile; fileRef = B48662812991151F002B4ACB /* SearchViewModel.swift */; };
		B486628429911DE8002B4ACB /* DetailViewModel.swift in Sources */ = {isa = PBXBuildFile; fileRef = B486628329911DE8002B4ACB /* DetailViewModel.swift */; };
		B4866286299128E8002B4ACB /* MovieListViewModelProtocol.swift in Sources */ = {isa = PBXBuildFile; fileRef = B4866285299128E8002B4ACB /* MovieListViewModelProtocol.swift */; };
		B486628929912E34002B4ACB /* ProfileCell.swift in Sources */ = {isa = PBXBuildFile; fileRef = B486628829912E34002B4ACB /* ProfileCell.swift */; };
		B4A4BD81298EBFA3006FC77B /* ProfileRatingCell.swift in Sources */ = {isa = PBXBuildFile; fileRef = B4A4BD80298EBFA3006FC77B /* ProfileRatingCell.swift */; };
		B4A4BD83298EBFBB006FC77B /* ProfileHeader.swift in Sources */ = {isa = PBXBuildFile; fileRef = B4A4BD82298EBFBB006FC77B /* ProfileHeader.swift */; };
		B4A4BD85298EC0C2006FC77B /* UICollectionView+.swift in Sources */ = {isa = PBXBuildFile; fileRef = B4A4BD84298EC0C2006FC77B /* UICollectionView+.swift */; };
		B4B3693C29CB12F100CE572D /* StorageProtocol.swift in Sources */ = {isa = PBXBuildFile; fileRef = B4B3693B29CB12F100CE572D /* StorageProtocol.swift */; };
		B4B3693E29CB131900CE572D /* UserDefaultsStorage.swift in Sources */ = {isa = PBXBuildFile; fileRef = B4B3693D29CB131900CE572D /* UserDefaultsStorage.swift */; };
		B4B5702529B1F2AE00A69F82 /* MovieAPIRepositoryProtocol.swift in Sources */ = {isa = PBXBuildFile; fileRef = B4B5702429B1F2AE00A69F82 /* MovieAPIRepositoryProtocol.swift */; };
		B4B5702729B1F40E00A69F82 /* MovieLocalRepositoryProtocol.swift in Sources */ = {isa = PBXBuildFile; fileRef = B4B5702629B1F40E00A69F82 /* MovieLocalRepositoryProtocol.swift */; };
		B4B5702929B1F42700A69F82 /* RatingMovieRepository.swift in Sources */ = {isa = PBXBuildFile; fileRef = B4B5702829B1F42700A69F82 /* RatingMovieRepository.swift */; };
		B4B5702B29B1FA1000A69F82 /* AppEnvironment.swift in Sources */ = {isa = PBXBuildFile; fileRef = B4B5702A29B1FA1000A69F82 /* AppEnvironment.swift */; };
/* End PBXBuildFile section */

/* Begin PBXContainerItemProxy section */
		B45638E3298DF02F00C42861 /* PBXContainerItemProxy */ = {
			isa = PBXContainerItemProxy;
			containerPortal = B45638C4298DF02D00C42861 /* Project object */;
			proxyType = 1;
			remoteGlobalIDString = B45638CB298DF02D00C42861;
			remoteInfo = Moviestagram;
		};
/* End PBXContainerItemProxy section */

/* Begin PBXFileReference section */
		B408C04929C4A422007E5C8A /* NetworkService.swift */ = {isa = PBXFileReference; lastKnownFileType = sourcecode.swift; path = NetworkService.swift; sourceTree = "<group>"; };
		B4148AE52995182400CB1B20 /* ProfileListMode.swift */ = {isa = PBXFileReference; lastKnownFileType = sourcecode.swift; path = ProfileListMode.swift; sourceTree = "<group>"; };
		B448D393298F61540042C0BF /* RatingSlider.swift */ = {isa = PBXFileReference; lastKnownFileType = sourcecode.swift; path = RatingSlider.swift; sourceTree = "<group>"; };
		B448D397298F77590042C0BF /* BookmarkMovieRepository.swift */ = {isa = PBXFileReference; lastKnownFileType = sourcecode.swift; path = BookmarkMovieRepository.swift; sourceTree = "<group>"; };
		B448D399298F92540042C0BF /* ProfileBookmarkCell.swift */ = {isa = PBXFileReference; lastKnownFileType = sourcecode.swift; path = ProfileBookmarkCell.swift; sourceTree = "<group>"; };
		B45638CC298DF02D00C42861 /* Moviestagram.app */ = {isa = PBXFileReference; explicitFileType = wrapper.application; includeInIndex = 0; path = Moviestagram.app; sourceTree = BUILT_PRODUCTS_DIR; };
		B45638CF298DF02D00C42861 /* AppDelegate.swift */ = {isa = PBXFileReference; lastKnownFileType = sourcecode.swift; path = AppDelegate.swift; sourceTree = "<group>"; };
		B45638D1298DF02D00C42861 /* SceneDelegate.swift */ = {isa = PBXFileReference; lastKnownFileType = sourcecode.swift; path = SceneDelegate.swift; sourceTree = "<group>"; };
		B45638D3298DF02D00C42861 /* FeedController.swift */ = {isa = PBXFileReference; lastKnownFileType = sourcecode.swift; path = FeedController.swift; sourceTree = "<group>"; };
		B45638D8298DF02F00C42861 /* Assets.xcassets */ = {isa = PBXFileReference; lastKnownFileType = folder.assetcatalog; path = Assets.xcassets; sourceTree = "<group>"; };
		B45638DB298DF02F00C42861 /* Base */ = {isa = PBXFileReference; lastKnownFileType = file.storyboard; name = Base; path = Base.lproj/LaunchScreen.storyboard; sourceTree = "<group>"; };
		B45638DD298DF02F00C42861 /* Info.plist */ = {isa = PBXFileReference; lastKnownFileType = text.plist.xml; path = Info.plist; sourceTree = "<group>"; };
		B45638E2298DF02F00C42861 /* MoviestagramTests.xctest */ = {isa = PBXFileReference; explicitFileType = wrapper.cfbundle; includeInIndex = 0; path = MoviestagramTests.xctest; sourceTree = BUILT_PRODUCTS_DIR; };
		B45638E6298DF02F00C42861 /* MoviestagramTests.swift */ = {isa = PBXFileReference; lastKnownFileType = sourcecode.swift; path = MoviestagramTests.swift; sourceTree = "<group>"; };
		B4563907298DF46000C42861 /* UIView+.swift */ = {isa = PBXFileReference; lastKnownFileType = sourcecode.swift; path = "UIView+.swift"; sourceTree = "<group>"; };
		B4563909298DF4F400C42861 /* ReusableView.swift */ = {isa = PBXFileReference; lastKnownFileType = sourcecode.swift; path = ReusableView.swift; sourceTree = "<group>"; };
		B456390B298DF50000C42861 /* UITableView+.swift */ = {isa = PBXFileReference; lastKnownFileType = sourcecode.swift; path = "UITableView+.swift"; sourceTree = "<group>"; };
		B456390D298DF56A00C42861 /* Array+.swift */ = {isa = PBXFileReference; lastKnownFileType = sourcecode.swift; path = "Array+.swift"; sourceTree = "<group>"; };
		B456390F298DF66B00C42861 /* FeedCell.swift */ = {isa = PBXFileReference; lastKnownFileType = sourcecode.swift; path = FeedCell.swift; sourceTree = "<group>"; };
		B4563913298DFE1900C42861 /* MovieResponse.swift */ = {isa = PBXFileReference; lastKnownFileType = sourcecode.swift; path = MovieResponse.swift; sourceTree = "<group>"; };
		B4563917298DFEA300C42861 /* YTSMovieAPIRepository.swift */ = {isa = PBXFileReference; lastKnownFileType = sourcecode.swift; path = YTSMovieAPIRepository.swift; sourceTree = "<group>"; };
		B4563919298E08D300C42861 /* Movie.swift */ = {isa = PBXFileReference; lastKnownFileType = sourcecode.swift; path = Movie.swift; sourceTree = "<group>"; };
		B456391C298E09DE00C42861 /* NetworkError.swift */ = {isa = PBXFileReference; lastKnownFileType = sourcecode.swift; path = NetworkError.swift; sourceTree = "<group>"; };
		B4563921298E1A8E00C42861 /* UIImageView+.swift */ = {isa = PBXFileReference; lastKnownFileType = sourcecode.swift; path = "UIImageView+.swift"; sourceTree = "<group>"; };
		B47B9AC3298E563700025D0C /* MainTabController.swift */ = {isa = PBXFileReference; lastKnownFileType = sourcecode.swift; path = MainTabController.swift; sourceTree = "<group>"; };
		B47B9AC5298E582D00025D0C /* ProfileController.swift */ = {isa = PBXFileReference; lastKnownFileType = sourcecode.swift; path = ProfileController.swift; sourceTree = "<group>"; };
		B47B9AC7298E589300025D0C /* SearchController.swift */ = {isa = PBXFileReference; lastKnownFileType = sourcecode.swift; path = SearchController.swift; sourceTree = "<group>"; };
		B47B9ACB298E5C3800025D0C /* Rachel Roman.ttf */ = {isa = PBXFileReference; lastKnownFileType = file; path = "Rachel Roman.ttf"; sourceTree = "<group>"; };
		B47B9ACC298E5C3800025D0C /* Rachel italic.ttf */ = {isa = PBXFileReference; lastKnownFileType = file; path = "Rachel italic.ttf"; sourceTree = "<group>"; };
		B47B9ACF298E5C9E00025D0C /* UIFont+.swift */ = {isa = PBXFileReference; lastKnownFileType = sourcecode.swift; path = "UIFont+.swift"; sourceTree = "<group>"; };
		B47B9AD1298E602F00025D0C /* SearchCell.swift */ = {isa = PBXFileReference; lastKnownFileType = sourcecode.swift; path = SearchCell.swift; sourceTree = "<group>"; };
		B47B9AD3298E7AF400025D0C /* UIViewController+.swift */ = {isa = PBXFileReference; lastKnownFileType = sourcecode.swift; path = "UIViewController+.swift"; sourceTree = "<group>"; };
		B47B9AD5298E8BFF00025D0C /* FetchMovieOptionQuery.swift */ = {isa = PBXFileReference; lastKnownFileType = sourcecode.swift; path = FetchMovieOptionQuery.swift; sourceTree = "<group>"; };
		B47B9AD7298E93BA00025D0C /* StringUtil.swift */ = {isa = PBXFileReference; lastKnownFileType = sourcecode.swift; path = StringUtil.swift; sourceTree = "<group>"; };
		B47B9AD9298E9BE900025D0C /* DetailController.swift */ = {isa = PBXFileReference; lastKnownFileType = sourcecode.swift; path = DetailController.swift; sourceTree = "<group>"; };
		B484940F29962AEC007D42AC /* Constants.swift */ = {isa = PBXFileReference; lastKnownFileType = sourcecode.swift; path = Constants.swift; sourceTree = "<group>"; };
		B484941129989D87007D42AC /* FeedCellViewModel.swift */ = {isa = PBXFileReference; lastKnownFileType = sourcecode.swift; path = FeedCellViewModel.swift; sourceTree = "<group>"; };
		B484941329989FBA007D42AC /* SearchCellViewModel.swift */ = {isa = PBXFileReference; lastKnownFileType = sourcecode.swift; path = SearchCellViewModel.swift; sourceTree = "<group>"; };
		B486627D2990FD0A002B4ACB /* FeedViewModel.swift */ = {isa = PBXFileReference; lastKnownFileType = sourcecode.swift; path = FeedViewModel.swift; sourceTree = "<group>"; };
		B486627F29910382002B4ACB /* ProfileViewModel.swift */ = {isa = PBXFileReference; lastKnownFileType = sourcecode.swift; path = ProfileViewModel.swift; sourceTree = "<group>"; };
		B48662812991151F002B4ACB /* SearchViewModel.swift */ = {isa = PBXFileReference; lastKnownFileType = sourcecode.swift; path = SearchViewModel.swift; sourceTree = "<group>"; };
		B486628329911DE8002B4ACB /* DetailViewModel.swift */ = {isa = PBXFileReference; lastKnownFileType = sourcecode.swift; path = DetailViewModel.swift; sourceTree = "<group>"; };
		B4866285299128E8002B4ACB /* MovieListViewModelProtocol.swift */ = {isa = PBXFileReference; lastKnownFileType = sourcecode.swift; path = MovieListViewModelProtocol.swift; sourceTree = "<group>"; };
		B486628829912E34002B4ACB /* ProfileCell.swift */ = {isa = PBXFileReference; lastKnownFileType = sourcecode.swift; path = ProfileCell.swift; sourceTree = "<group>"; };
		B4A4BD80298EBFA3006FC77B /* ProfileRatingCell.swift */ = {isa = PBXFileReference; lastKnownFileType = sourcecode.swift; path = ProfileRatingCell.swift; sourceTree = "<group>"; };
		B4A4BD82298EBFBB006FC77B /* ProfileHeader.swift */ = {isa = PBXFileReference; lastKnownFileType = sourcecode.swift; path = ProfileHeader.swift; sourceTree = "<group>"; };
		B4A4BD84298EC0C2006FC77B /* UICollectionView+.swift */ = {isa = PBXFileReference; lastKnownFileType = sourcecode.swift; path = "UICollectionView+.swift"; sourceTree = "<group>"; };
		B4B3693B29CB12F100CE572D /* StorageProtocol.swift */ = {isa = PBXFileReference; lastKnownFileType = sourcecode.swift; path = StorageProtocol.swift; sourceTree = "<group>"; };
		B4B3693D29CB131900CE572D /* UserDefaultsStorage.swift */ = {isa = PBXFileReference; lastKnownFileType = sourcecode.swift; path = UserDefaultsStorage.swift; sourceTree = "<group>"; };
		B4B5702429B1F2AE00A69F82 /* MovieAPIRepositoryProtocol.swift */ = {isa = PBXFileReference; lastKnownFileType = sourcecode.swift; path = MovieAPIRepositoryProtocol.swift; sourceTree = "<group>"; };
		B4B5702629B1F40E00A69F82 /* MovieLocalRepositoryProtocol.swift */ = {isa = PBXFileReference; lastKnownFileType = sourcecode.swift; path = MovieLocalRepositoryProtocol.swift; sourceTree = "<group>"; };
		B4B5702829B1F42700A69F82 /* RatingMovieRepository.swift */ = {isa = PBXFileReference; lastKnownFileType = sourcecode.swift; path = RatingMovieRepository.swift; sourceTree = "<group>"; };
		B4B5702A29B1FA1000A69F82 /* AppEnvironment.swift */ = {isa = PBXFileReference; lastKnownFileType = sourcecode.swift; path = AppEnvironment.swift; sourceTree = "<group>"; };
/* End PBXFileReference section */

/* Begin PBXFrameworksBuildPhase section */
		B45638C9298DF02D00C42861 /* Frameworks */ = {
			isa = PBXFrameworksBuildPhase;
			buildActionMask = 2147483647;
			files = (
				B4563920298E19A500C42861 /* Kingfisher in Frameworks */,
				B448D390298F53140042C0BF /* SnapKit in Frameworks */,
			);
			runOnlyForDeploymentPostprocessing = 0;
		};
		B45638DF298DF02F00C42861 /* Frameworks */ = {
			isa = PBXFrameworksBuildPhase;
			buildActionMask = 2147483647;
			files = (
			);
			runOnlyForDeploymentPostprocessing = 0;
		};
/* End PBXFrameworksBuildPhase section */

/* Begin PBXGroup section */
		B448D39B298F92560042C0BF /* Profile */ = {
			isa = PBXGroup;
			children = (
				B4A4BD82298EBFBB006FC77B /* ProfileHeader.swift */,
				B4A4BD80298EBFA3006FC77B /* ProfileRatingCell.swift */,
				B448D399298F92540042C0BF /* ProfileBookmarkCell.swift */,
			);
			path = Profile;
			sourceTree = "<group>";
		};
		B448D39C298F9B940042C0BF /* ViewModel */ = {
			isa = PBXGroup;
			children = (
				B47DBD0D29BF48E50006D8E2 /* Interface */,
				B486627D2990FD0A002B4ACB /* FeedViewModel.swift */,
				B484941129989D87007D42AC /* FeedCellViewModel.swift */,
				B486627F29910382002B4ACB /* ProfileViewModel.swift */,
				B48662812991151F002B4ACB /* SearchViewModel.swift */,
				B484941329989FBA007D42AC /* SearchCellViewModel.swift */,
				B486628329911DE8002B4ACB /* DetailViewModel.swift */,
			);
			path = ViewModel;
			sourceTree = "<group>";
		};
		B45638C3298DF02D00C42861 = {
			isa = PBXGroup;
			children = (
				B45638CE298DF02D00C42861 /* Moviestagram */,
				B45638E5298DF02F00C42861 /* MoviestagramTests */,
				B45638CD298DF02D00C42861 /* Products */,
			);
			sourceTree = "<group>";
		};
		B45638CD298DF02D00C42861 /* Products */ = {
			isa = PBXGroup;
			children = (
				B45638CC298DF02D00C42861 /* Moviestagram.app */,
				B45638E2298DF02F00C42861 /* MoviestagramTests.xctest */,
			);
			name = Products;
			sourceTree = "<group>";
		};
		B45638CE298DF02D00C42861 /* Moviestagram */ = {
			isa = PBXGroup;
			children = (
				B4B3693629CB0F0F00CE572D /* Application */,
				B45638FF298DF31C00C42861 /* Model */,
				B4563900298DF32000C42861 /* View */,
				B448D39C298F9B940042C0BF /* ViewModel */,
				B4563901298DF32300C42861 /* Controller */,
				B4B3693729CB107700CE572D /* Data */,
				B4563905298DF35600C42861 /* Util */,
				B47B9AC9298E5C0C00025D0C /* Resource */,
			);
			path = Moviestagram;
			sourceTree = "<group>";
		};
		B45638E5298DF02F00C42861 /* MoviestagramTests */ = {
			isa = PBXGroup;
			children = (
				B45638E6298DF02F00C42861 /* MoviestagramTests.swift */,
			);
			path = MoviestagramTests;
			sourceTree = "<group>";
		};
		B45638FF298DF31C00C42861 /* Model */ = {
			isa = PBXGroup;
			children = (
				B4148AE52995182400CB1B20 /* ProfileListMode.swift */,
				B4563913298DFE1900C42861 /* MovieResponse.swift */,
				B4563919298E08D300C42861 /* Movie.swift */,
			);
			path = Model;
			sourceTree = "<group>";
		};
		B4563900298DF32000C42861 /* View */ = {
			isa = PBXGroup;
			children = (
				B486628729912E04002B4ACB /* Protocol */,
				B448D39B298F92560042C0BF /* Profile */,
				B456390F298DF66B00C42861 /* FeedCell.swift */,
				B47B9AD1298E602F00025D0C /* SearchCell.swift */,
				B448D393298F61540042C0BF /* RatingSlider.swift */,
			);
			path = View;
			sourceTree = "<group>";
		};
		B4563901298DF32300C42861 /* Controller */ = {
			isa = PBXGroup;
			children = (
				B47B9AC3298E563700025D0C /* MainTabController.swift */,
				B45638D3298DF02D00C42861 /* FeedController.swift */,
				B47B9AC5298E582D00025D0C /* ProfileController.swift */,
				B47B9AC7298E589300025D0C /* SearchController.swift */,
				B47B9AD9298E9BE900025D0C /* DetailController.swift */,
			);
			path = Controller;
			sourceTree = "<group>";
		};
		B4563902298DF32700C42861 /* Repository */ = {
			isa = PBXGroup;
			children = (
				B4B5701E29B1F21C00A69F82 /* Remote */,
				B4B5701D29B1F21800A69F82 /* Local */,
			);
			path = Repository;
			sourceTree = "<group>";
		};
		B4563905298DF35600C42861 /* Util */ = {
			isa = PBXGroup;
			children = (
				B4563906298DF35F00C42861 /* Extension */,
				B47B9AD7298E93BA00025D0C /* StringUtil.swift */,
			);
			path = Util;
			sourceTree = "<group>";
		};
		B4563906298DF35F00C42861 /* Extension */ = {
			isa = PBXGroup;
			children = (
				B456390B298DF50000C42861 /* UITableView+.swift */,
				B4A4BD84298EC0C2006FC77B /* UICollectionView+.swift */,
				B456390D298DF56A00C42861 /* Array+.swift */,
				B4563921298E1A8E00C42861 /* UIImageView+.swift */,
				B4563907298DF46000C42861 /* UIView+.swift */,
				B47B9ACF298E5C9E00025D0C /* UIFont+.swift */,
				B47B9AD3298E7AF400025D0C /* UIViewController+.swift */,
			);
			path = Extension;
			sourceTree = "<group>";
		};
		B456391B298E09D100C42861 /* Enum */ = {
			isa = PBXGroup;
			children = (
				B456391C298E09DE00C42861 /* NetworkError.swift */,
				B47B9AD5298E8BFF00025D0C /* FetchMovieOptionQuery.swift */,
			);
			path = Enum;
			sourceTree = "<group>";
		};
		B47B9AC9298E5C0C00025D0C /* Resource */ = {
			isa = PBXGroup;
			children = (
				B484940F29962AEC007D42AC /* Constants.swift */,
				B47B9ACA298E5C1C00025D0C /* Font */,
				B45638DD298DF02F00C42861 /* Info.plist */,
				B45638D8298DF02F00C42861 /* Assets.xcassets */,
				B45638DA298DF02F00C42861 /* LaunchScreen.storyboard */,
			);
			path = Resource;
			sourceTree = "<group>";
		};
		B47B9ACA298E5C1C00025D0C /* Font */ = {
			isa = PBXGroup;
			children = (
				B47B9ACC298E5C3800025D0C /* Rachel italic.ttf */,
				B47B9ACB298E5C3800025D0C /* Rachel Roman.ttf */,
			);
			path = Font;
			sourceTree = "<group>";
		};
		B47DBD0D29BF48E50006D8E2 /* Interface */ = {
			isa = PBXGroup;
			children = (
				B4866285299128E8002B4ACB /* MovieListViewModelProtocol.swift */,
			);
			path = Interface;
			sourceTree = "<group>";
		};
		B486628729912E04002B4ACB /* Protocol */ = {
			isa = PBXGroup;
			children = (
				B4563909298DF4F400C42861 /* ReusableView.swift */,
				B486628829912E34002B4ACB /* ProfileCell.swift */,
			);
			path = Protocol;
			sourceTree = "<group>";
		};
		B4B3693629CB0F0F00CE572D /* Application */ = {
			isa = PBXGroup;
			children = (
				B45638CF298DF02D00C42861 /* AppDelegate.swift */,
				B45638D1298DF02D00C42861 /* SceneDelegate.swift */,
				B4B5702A29B1FA1000A69F82 /* AppEnvironment.swift */,
			);
			path = Application;
			sourceTree = "<group>";
		};
		B4B3693729CB107700CE572D /* Data */ = {
			isa = PBXGroup;
			children = (
				B4563902298DF32700C42861 /* Repository */,
				B4B3693929CB10AE00CE572D /* PersistentStorage */,
				B4B3693829CB10A400CE572D /* Network */,
			);
			path = Data;
			sourceTree = "<group>";
		};
		B4B3693829CB10A400CE572D /* Network */ = {
			isa = PBXGroup;
			children = (
				B456391B298E09D100C42861 /* Enum */,
				B408C04929C4A422007E5C8A /* NetworkService.swift */,
			);
			path = Network;
			sourceTree = "<group>";
		};
		B4B3693929CB10AE00CE572D /* PersistentStorage */ = {
			isa = PBXGroup;
			children = (
				B4B3693B29CB12F100CE572D /* StorageProtocol.swift */,
				B4B3693D29CB131900CE572D /* UserDefaultsStorage.swift */,
			);
			path = PersistentStorage;
			sourceTree = "<group>";
		};
		B4B5701D29B1F21800A69F82 /* Local */ = {
			isa = PBXGroup;
			children = (
				B4B5702329B1F23800A69F82 /* Interface */,
				B4B5702129B1F22E00A69F82 /* Implementation */,
			);
			path = Local;
			sourceTree = "<group>";
		};
		B4B5701E29B1F21C00A69F82 /* Remote */ = {
			isa = PBXGroup;
			children = (
				B4B5701F29B1F21F00A69F82 /* Interface */,
				B4B5702029B1F22300A69F82 /* Implementation */,
			);
			path = Remote;
			sourceTree = "<group>";
		};
		B4B5701F29B1F21F00A69F82 /* Interface */ = {
			isa = PBXGroup;
			children = (
				B4B5702429B1F2AE00A69F82 /* MovieAPIRepositoryProtocol.swift */,
			);
			path = Interface;
			sourceTree = "<group>";
		};
		B4B5702029B1F22300A69F82 /* Implementation */ = {
			isa = PBXGroup;
			children = (
				B4563917298DFEA300C42861 /* YTSMovieAPIRepository.swift */,
			);
			path = Implementation;
			sourceTree = "<group>";
		};
		B4B5702129B1F22E00A69F82 /* Implementation */ = {
			isa = PBXGroup;
			children = (
				B448D397298F77590042C0BF /* BookmarkMovieRepository.swift */,
				B4B5702829B1F42700A69F82 /* RatingMovieRepository.swift */,
			);
			path = Implementation;
			sourceTree = "<group>";
		};
		B4B5702329B1F23800A69F82 /* Interface */ = {
			isa = PBXGroup;
			children = (
				B4B5702629B1F40E00A69F82 /* MovieLocalRepositoryProtocol.swift */,
			);
			path = Interface;
			sourceTree = "<group>";
		};
/* End PBXGroup section */

/* Begin PBXNativeTarget section */
		B45638CB298DF02D00C42861 /* Moviestagram */ = {
			isa = PBXNativeTarget;
			buildConfigurationList = B45638F6298DF02F00C42861 /* Build configuration list for PBXNativeTarget "Moviestagram" */;
			buildPhases = (
				B45638C8298DF02D00C42861 /* Sources */,
				B45638C9298DF02D00C42861 /* Frameworks */,
				B45638CA298DF02D00C42861 /* Resources */,
				B4F108A729A3153400F5C21C /* ShellScript */,
			);
			buildRules = (
			);
			dependencies = (
			);
			name = Moviestagram;
			packageProductDependencies = (
				B456391F298E19A500C42861 /* Kingfisher */,
				B448D38F298F53140042C0BF /* SnapKit */,
			);
			productName = Moviestagram;
			productReference = B45638CC298DF02D00C42861 /* Moviestagram.app */;
			productType = "com.apple.product-type.application";
		};
		B45638E1298DF02F00C42861 /* MoviestagramTests */ = {
			isa = PBXNativeTarget;
			buildConfigurationList = B45638F9298DF02F00C42861 /* Build configuration list for PBXNativeTarget "MoviestagramTests" */;
			buildPhases = (
				B45638DE298DF02F00C42861 /* Sources */,
				B45638DF298DF02F00C42861 /* Frameworks */,
				B45638E0298DF02F00C42861 /* Resources */,
			);
			buildRules = (
			);
			dependencies = (
				B45638E4298DF02F00C42861 /* PBXTargetDependency */,
			);
			name = MoviestagramTests;
			productName = MoviestagramTests;
			productReference = B45638E2298DF02F00C42861 /* MoviestagramTests.xctest */;
			productType = "com.apple.product-type.bundle.unit-test";
		};
/* End PBXNativeTarget section */

/* Begin PBXProject section */
		B45638C4298DF02D00C42861 /* Project object */ = {
			isa = PBXProject;
			attributes = {
				BuildIndependentTargetsInParallel = 1;
				LastSwiftUpdateCheck = 1420;
				LastUpgradeCheck = 1420;
				TargetAttributes = {
					B45638CB298DF02D00C42861 = {
						CreatedOnToolsVersion = 14.2;
					};
					B45638E1298DF02F00C42861 = {
						CreatedOnToolsVersion = 14.2;
						TestTargetID = B45638CB298DF02D00C42861;
					};
				};
			};
			buildConfigurationList = B45638C7298DF02D00C42861 /* Build configuration list for PBXProject "Moviestagram" */;
			compatibilityVersion = "Xcode 14.0";
			developmentRegion = en;
			hasScannedForEncodings = 0;
			knownRegions = (
				en,
				Base,
			);
			mainGroup = B45638C3298DF02D00C42861;
			packageReferences = (
				B456391E298E19A500C42861 /* XCRemoteSwiftPackageReference "Kingfisher" */,
				B448D38E298F53130042C0BF /* XCRemoteSwiftPackageReference "SnapKit" */,
			);
			productRefGroup = B45638CD298DF02D00C42861 /* Products */;
			projectDirPath = "";
			projectRoot = "";
			targets = (
				B45638CB298DF02D00C42861 /* Moviestagram */,
				B45638E1298DF02F00C42861 /* MoviestagramTests */,
			);
		};
/* End PBXProject section */

/* Begin PBXResourcesBuildPhase section */
		B45638CA298DF02D00C42861 /* Resources */ = {
			isa = PBXResourcesBuildPhase;
			buildActionMask = 2147483647;
			files = (
				B45638DC298DF02F00C42861 /* LaunchScreen.storyboard in Resources */,
				B47B9ACD298E5C3800025D0C /* Rachel Roman.ttf in Resources */,
				B47B9ACE298E5C3800025D0C /* Rachel italic.ttf in Resources */,
				B45638D9298DF02F00C42861 /* Assets.xcassets in Resources */,
			);
			runOnlyForDeploymentPostprocessing = 0;
		};
		B45638E0298DF02F00C42861 /* Resources */ = {
			isa = PBXResourcesBuildPhase;
			buildActionMask = 2147483647;
			files = (
			);
			runOnlyForDeploymentPostprocessing = 0;
		};
/* End PBXResourcesBuildPhase section */

/* Begin PBXShellScriptBuildPhase section */
		B4F108A729A3153400F5C21C /* ShellScript */ = {
			isa = PBXShellScriptBuildPhase;
			buildActionMask = 2147483647;
			files = (
			);
			inputFileListPaths = (
			);
			inputPaths = (
			);
			outputFileListPaths = (
			);
			outputPaths = (
			);
			runOnlyForDeploymentPostprocessing = 0;
			shellPath = /bin/sh;
			shellScript = "if test -d \"/opt/homebrew/bin/\"; then\n  PATH=\"/opt/homebrew/bin/:${PATH}\"\nfi\n\nexport PATH\n\nif which swiftlint >/dev/null; then\n  swiftlint\nelse\n  echo \"warning: SwiftLint not installed, download from https://github.com/realm/SwiftLint\"\nfi\n";
		};
/* End PBXShellScriptBuildPhase section */

/* Begin PBXSourcesBuildPhase section */
		B45638C8298DF02D00C42861 /* Sources */ = {
			isa = PBXSourcesBuildPhase;
			buildActionMask = 2147483647;
			files = (
				B408C04A29C4A422007E5C8A /* NetworkService.swift in Sources */,
				B45638D4298DF02D00C42861 /* FeedController.swift in Sources */,
				B4563914298DFE1900C42861 /* MovieResponse.swift in Sources */,
				B4B5702B29B1FA1000A69F82 /* AppEnvironment.swift in Sources */,
				B4148AE62995182400CB1B20 /* ProfileListMode.swift in Sources */,
				B47B9ADA298E9BE900025D0C /* DetailController.swift in Sources */,
				B4A4BD81298EBFA3006FC77B /* ProfileRatingCell.swift in Sources */,
				B47B9AC4298E563700025D0C /* MainTabController.swift in Sources */,
				B4563922298E1A8E00C42861 /* UIImageView+.swift in Sources */,
				B486627E2990FD0A002B4ACB /* FeedViewModel.swift in Sources */,
				B47B9AD8298E93BA00025D0C /* StringUtil.swift in Sources */,
				B4A4BD83298EBFBB006FC77B /* ProfileHeader.swift in Sources */,
				B456391A298E08D300C42861 /* Movie.swift in Sources */,
				B4A4BD85298EC0C2006FC77B /* UICollectionView+.swift in Sources */,
				B4B5702729B1F40E00A69F82 /* MovieLocalRepositoryProtocol.swift in Sources */,
				B4B5702529B1F2AE00A69F82 /* MovieAPIRepositoryProtocol.swift in Sources */,
				B47B9AC6298E582D00025D0C /* ProfileController.swift in Sources */,
				B484941429989FBA007D42AC /* SearchCellViewModel.swift in Sources */,
				B448D39A298F92540042C0BF /* ProfileBookmarkCell.swift in Sources */,
				B486628029910382002B4ACB /* ProfileViewModel.swift in Sources */,
				B448D398298F77590042C0BF /* BookmarkMovieRepository.swift in Sources */,
				B448D394298F61540042C0BF /* RatingSlider.swift in Sources */,
				B456390A298DF4F400C42861 /* ReusableView.swift in Sources */,
				B48662822991151F002B4ACB /* SearchViewModel.swift in Sources */,
				B45638D0298DF02D00C42861 /* AppDelegate.swift in Sources */,
				B4B3693E29CB131900CE572D /* UserDefaultsStorage.swift in Sources */,
				B4B3693C29CB12F100CE572D /* StorageProtocol.swift in Sources */,
				B4563908298DF46000C42861 /* UIView+.swift in Sources */,
				B456390E298DF56A00C42861 /* Array+.swift in Sources */,
				B4563910298DF66B00C42861 /* FeedCell.swift in Sources */,
				B47B9AC8298E589300025D0C /* SearchController.swift in Sources */,
				B47B9AD0298E5C9E00025D0C /* UIFont+.swift in Sources */,
				B4866286299128E8002B4ACB /* MovieListViewModelProtocol.swift in Sources */,
				B47B9AD2298E602F00025D0C /* SearchCell.swift in Sources */,
				B484941229989D87007D42AC /* FeedCellViewModel.swift in Sources */,
				B4563918298DFEA300C42861 /* YTSMovieAPIRepository.swift in Sources */,
				B456391D298E09DE00C42861 /* NetworkError.swift in Sources */,
				B4B5702929B1F42700A69F82 /* RatingMovieRepository.swift in Sources */,
				B45638D2298DF02D00C42861 /* SceneDelegate.swift in Sources */,
				B47B9AD6298E8BFF00025D0C /* FetchMovieOptionQuery.swift in Sources */,
				B47B9AD4298E7AF400025D0C /* UIViewController+.swift in Sources */,
				B486628429911DE8002B4ACB /* DetailViewModel.swift in Sources */,
				B456390C298DF50000C42861 /* UITableView+.swift in Sources */,
				B484941029962AEC007D42AC /* Constants.swift in Sources */,
				B486628929912E34002B4ACB /* ProfileCell.swift in Sources */,
			);
			runOnlyForDeploymentPostprocessing = 0;
		};
		B45638DE298DF02F00C42861 /* Sources */ = {
			isa = PBXSourcesBuildPhase;
			buildActionMask = 2147483647;
			files = (
				B45638E7298DF02F00C42861 /* MoviestagramTests.swift in Sources */,
			);
			runOnlyForDeploymentPostprocessing = 0;
		};
/* End PBXSourcesBuildPhase section */

/* Begin PBXTargetDependency section */
		B45638E4298DF02F00C42861 /* PBXTargetDependency */ = {
			isa = PBXTargetDependency;
			target = B45638CB298DF02D00C42861 /* Moviestagram */;
			targetProxy = B45638E3298DF02F00C42861 /* PBXContainerItemProxy */;
		};
/* End PBXTargetDependency section */

/* Begin PBXVariantGroup section */
		B45638DA298DF02F00C42861 /* LaunchScreen.storyboard */ = {
			isa = PBXVariantGroup;
			children = (
				B45638DB298DF02F00C42861 /* Base */,
			);
			name = LaunchScreen.storyboard;
			sourceTree = "<group>";
		};
/* End PBXVariantGroup section */

/* Begin XCBuildConfiguration section */
		B45638F4298DF02F00C42861 /* Debug */ = {
			isa = XCBuildConfiguration;
			buildSettings = {
				ALWAYS_SEARCH_USER_PATHS = NO;
				CLANG_ANALYZER_NONNULL = YES;
				CLANG_ANALYZER_NUMBER_OBJECT_CONVERSION = YES_AGGRESSIVE;
				CLANG_CXX_LANGUAGE_STANDARD = "gnu++20";
				CLANG_ENABLE_MODULES = YES;
				CLANG_ENABLE_OBJC_ARC = YES;
				CLANG_ENABLE_OBJC_WEAK = YES;
				CLANG_WARN_BLOCK_CAPTURE_AUTORELEASING = YES;
				CLANG_WARN_BOOL_CONVERSION = YES;
				CLANG_WARN_COMMA = YES;
				CLANG_WARN_CONSTANT_CONVERSION = YES;
				CLANG_WARN_DEPRECATED_OBJC_IMPLEMENTATIONS = YES;
				CLANG_WARN_DIRECT_OBJC_ISA_USAGE = YES_ERROR;
				CLANG_WARN_DOCUMENTATION_COMMENTS = YES;
				CLANG_WARN_EMPTY_BODY = YES;
				CLANG_WARN_ENUM_CONVERSION = YES;
				CLANG_WARN_INFINITE_RECURSION = YES;
				CLANG_WARN_INT_CONVERSION = YES;
				CLANG_WARN_NON_LITERAL_NULL_CONVERSION = YES;
				CLANG_WARN_OBJC_IMPLICIT_RETAIN_SELF = YES;
				CLANG_WARN_OBJC_LITERAL_CONVERSION = YES;
				CLANG_WARN_OBJC_ROOT_CLASS = YES_ERROR;
				CLANG_WARN_QUOTED_INCLUDE_IN_FRAMEWORK_HEADER = YES;
				CLANG_WARN_RANGE_LOOP_ANALYSIS = YES;
				CLANG_WARN_STRICT_PROTOTYPES = YES;
				CLANG_WARN_SUSPICIOUS_MOVE = YES;
				CLANG_WARN_UNGUARDED_AVAILABILITY = YES_AGGRESSIVE;
				CLANG_WARN_UNREACHABLE_CODE = YES;
				CLANG_WARN__DUPLICATE_METHOD_MATCH = YES;
				COPY_PHASE_STRIP = NO;
				DEBUG_INFORMATION_FORMAT = dwarf;
				ENABLE_STRICT_OBJC_MSGSEND = YES;
				ENABLE_TESTABILITY = YES;
				GCC_C_LANGUAGE_STANDARD = gnu11;
				GCC_DYNAMIC_NO_PIC = NO;
				GCC_NO_COMMON_BLOCKS = YES;
				GCC_OPTIMIZATION_LEVEL = 0;
				GCC_PREPROCESSOR_DEFINITIONS = (
					"DEBUG=1",
					"$(inherited)",
				);
				GCC_WARN_64_TO_32_BIT_CONVERSION = YES;
				GCC_WARN_ABOUT_RETURN_TYPE = YES_ERROR;
				GCC_WARN_UNDECLARED_SELECTOR = YES;
				GCC_WARN_UNINITIALIZED_AUTOS = YES_AGGRESSIVE;
				GCC_WARN_UNUSED_FUNCTION = YES;
				GCC_WARN_UNUSED_VARIABLE = YES;
				IPHONEOS_DEPLOYMENT_TARGET = 14.0;
				MTL_ENABLE_DEBUG_INFO = INCLUDE_SOURCE;
				MTL_FAST_MATH = YES;
				ONLY_ACTIVE_ARCH = YES;
				SDKROOT = iphoneos;
				SWIFT_ACTIVE_COMPILATION_CONDITIONS = DEBUG;
				SWIFT_OPTIMIZATION_LEVEL = "-Onone";
			};
			name = Debug;
		};
		B45638F5298DF02F00C42861 /* Release */ = {
			isa = XCBuildConfiguration;
			buildSettings = {
				ALWAYS_SEARCH_USER_PATHS = NO;
				CLANG_ANALYZER_NONNULL = YES;
				CLANG_ANALYZER_NUMBER_OBJECT_CONVERSION = YES_AGGRESSIVE;
				CLANG_CXX_LANGUAGE_STANDARD = "gnu++20";
				CLANG_ENABLE_MODULES = YES;
				CLANG_ENABLE_OBJC_ARC = YES;
				CLANG_ENABLE_OBJC_WEAK = YES;
				CLANG_WARN_BLOCK_CAPTURE_AUTORELEASING = YES;
				CLANG_WARN_BOOL_CONVERSION = YES;
				CLANG_WARN_COMMA = YES;
				CLANG_WARN_CONSTANT_CONVERSION = YES;
				CLANG_WARN_DEPRECATED_OBJC_IMPLEMENTATIONS = YES;
				CLANG_WARN_DIRECT_OBJC_ISA_USAGE = YES_ERROR;
				CLANG_WARN_DOCUMENTATION_COMMENTS = YES;
				CLANG_WARN_EMPTY_BODY = YES;
				CLANG_WARN_ENUM_CONVERSION = YES;
				CLANG_WARN_INFINITE_RECURSION = YES;
				CLANG_WARN_INT_CONVERSION = YES;
				CLANG_WARN_NON_LITERAL_NULL_CONVERSION = YES;
				CLANG_WARN_OBJC_IMPLICIT_RETAIN_SELF = YES;
				CLANG_WARN_OBJC_LITERAL_CONVERSION = YES;
				CLANG_WARN_OBJC_ROOT_CLASS = YES_ERROR;
				CLANG_WARN_QUOTED_INCLUDE_IN_FRAMEWORK_HEADER = YES;
				CLANG_WARN_RANGE_LOOP_ANALYSIS = YES;
				CLANG_WARN_STRICT_PROTOTYPES = YES;
				CLANG_WARN_SUSPICIOUS_MOVE = YES;
				CLANG_WARN_UNGUARDED_AVAILABILITY = YES_AGGRESSIVE;
				CLANG_WARN_UNREACHABLE_CODE = YES;
				CLANG_WARN__DUPLICATE_METHOD_MATCH = YES;
				COPY_PHASE_STRIP = NO;
				DEBUG_INFORMATION_FORMAT = "dwarf-with-dsym";
				ENABLE_NS_ASSERTIONS = NO;
				ENABLE_STRICT_OBJC_MSGSEND = YES;
				GCC_C_LANGUAGE_STANDARD = gnu11;
				GCC_NO_COMMON_BLOCKS = YES;
				GCC_WARN_64_TO_32_BIT_CONVERSION = YES;
				GCC_WARN_ABOUT_RETURN_TYPE = YES_ERROR;
				GCC_WARN_UNDECLARED_SELECTOR = YES;
				GCC_WARN_UNINITIALIZED_AUTOS = YES_AGGRESSIVE;
				GCC_WARN_UNUSED_FUNCTION = YES;
				GCC_WARN_UNUSED_VARIABLE = YES;
				IPHONEOS_DEPLOYMENT_TARGET = 14.0;
				MTL_ENABLE_DEBUG_INFO = NO;
				MTL_FAST_MATH = YES;
				SDKROOT = iphoneos;
				SWIFT_COMPILATION_MODE = wholemodule;
				SWIFT_OPTIMIZATION_LEVEL = "-O";
				VALIDATE_PRODUCT = YES;
			};
			name = Release;
		};
		B45638F7298DF02F00C42861 /* Debug */ = {
			isa = XCBuildConfiguration;
			buildSettings = {
				ASSETCATALOG_COMPILER_APPICON_NAME = AppIcon;
				ASSETCATALOG_COMPILER_GLOBAL_ACCENT_COLOR_NAME = AccentColor;
				CODE_SIGN_STYLE = Automatic;
				CURRENT_PROJECT_VERSION = 1;
				DEVELOPMENT_TEAM = TZ3VZ8CUCV;
				GENERATE_INFOPLIST_FILE = YES;
				INFOPLIST_FILE = Moviestagram/Resource/Info.plist;
				INFOPLIST_KEY_LSApplicationCategoryType = "public.app-category.social-networking";
				INFOPLIST_KEY_UIApplicationSupportsIndirectInputEvents = YES;
				INFOPLIST_KEY_UILaunchStoryboardName = LaunchScreen;
				INFOPLIST_KEY_UISupportedInterfaceOrientations = UIInterfaceOrientationPortrait;
				INFOPLIST_KEY_UISupportedInterfaceOrientations_iPad = "UIInterfaceOrientationLandscapeLeft UIInterfaceOrientationLandscapeRight UIInterfaceOrientationPortrait UIInterfaceOrientationPortraitUpsideDown";
				IPHONEOS_DEPLOYMENT_TARGET = 14.0;
				LD_RUNPATH_SEARCH_PATHS = (
					"$(inherited)",
					"@executable_path/Frameworks",
				);
				MARKETING_VERSION = 1.0;
				PRODUCT_BUNDLE_IDENTIFIER = co.masonKim.Moviestagram;
				PRODUCT_NAME = "$(TARGET_NAME)";
				SUPPORTED_PLATFORMS = "iphoneos iphonesimulator";
				SUPPORTS_MACCATALYST = NO;
				SUPPORTS_MAC_DESIGNED_FOR_IPHONE_IPAD = NO;
				SWIFT_EMIT_LOC_STRINGS = YES;
				SWIFT_VERSION = 5.0;
				TARGETED_DEVICE_FAMILY = 1;
			};
			name = Debug;
		};
		B45638F8298DF02F00C42861 /* Release */ = {
			isa = XCBuildConfiguration;
			buildSettings = {
				ASSETCATALOG_COMPILER_APPICON_NAME = AppIcon;
				ASSETCATALOG_COMPILER_GLOBAL_ACCENT_COLOR_NAME = AccentColor;
				CODE_SIGN_STYLE = Automatic;
				CURRENT_PROJECT_VERSION = 1;
				DEVELOPMENT_TEAM = TZ3VZ8CUCV;
				GENERATE_INFOPLIST_FILE = YES;
				INFOPLIST_FILE = Moviestagram/Resource/Info.plist;
				INFOPLIST_KEY_LSApplicationCategoryType = "public.app-category.social-networking";
				INFOPLIST_KEY_UIApplicationSupportsIndirectInputEvents = YES;
				INFOPLIST_KEY_UILaunchStoryboardName = LaunchScreen;
				INFOPLIST_KEY_UISupportedInterfaceOrientations = UIInterfaceOrientationPortrait;
				INFOPLIST_KEY_UISupportedInterfaceOrientations_iPad = "UIInterfaceOrientationLandscapeLeft UIInterfaceOrientationLandscapeRight UIInterfaceOrientationPortrait UIInterfaceOrientationPortraitUpsideDown";
				IPHONEOS_DEPLOYMENT_TARGET = 14.0;
				LD_RUNPATH_SEARCH_PATHS = (
					"$(inherited)",
					"@executable_path/Frameworks",
				);
				MARKETING_VERSION = 1.0;
				PRODUCT_BUNDLE_IDENTIFIER = co.masonKim.Moviestagram;
				PRODUCT_NAME = "$(TARGET_NAME)";
				SUPPORTED_PLATFORMS = "iphoneos iphonesimulator";
				SUPPORTS_MACCATALYST = NO;
				SUPPORTS_MAC_DESIGNED_FOR_IPHONE_IPAD = NO;
				SWIFT_EMIT_LOC_STRINGS = YES;
				SWIFT_VERSION = 5.0;
				TARGETED_DEVICE_FAMILY = 1;
			};
			name = Release;
		};
		B45638FA298DF02F00C42861 /* Debug */ = {
			isa = XCBuildConfiguration;
			buildSettings = {
				ALWAYS_EMBED_SWIFT_STANDARD_LIBRARIES = YES;
				BUNDLE_LOADER = "$(TEST_HOST)";
				CODE_SIGN_STYLE = Automatic;
				CURRENT_PROJECT_VERSION = 1;
				DEVELOPMENT_TEAM = TZ3VZ8CUCV;
				GENERATE_INFOPLIST_FILE = YES;
				IPHONEOS_DEPLOYMENT_TARGET = 14.0;
				MARKETING_VERSION = 1.0;
				PRODUCT_BUNDLE_IDENTIFIER = co.masonKim.MoviestagramTests;
				PRODUCT_NAME = "$(TARGET_NAME)";
				SUPPORTED_PLATFORMS = "iphoneos iphonesimulator";
				SUPPORTS_MACCATALYST = NO;
				SUPPORTS_MAC_DESIGNED_FOR_IPHONE_IPAD = NO;
				SWIFT_EMIT_LOC_STRINGS = NO;
				SWIFT_VERSION = 5.0;
				TARGETED_DEVICE_FAMILY = 1;
				TEST_HOST = "$(BUILT_PRODUCTS_DIR)/Moviestagram.app/$(BUNDLE_EXECUTABLE_FOLDER_PATH)/Moviestagram";
			};
			name = Debug;
		};
		B45638FB298DF02F00C42861 /* Release */ = {
			isa = XCBuildConfiguration;
			buildSettings = {
				ALWAYS_EMBED_SWIFT_STANDARD_LIBRARIES = YES;
				BUNDLE_LOADER = "$(TEST_HOST)";
				CODE_SIGN_STYLE = Automatic;
				CURRENT_PROJECT_VERSION = 1;
				DEVELOPMENT_TEAM = TZ3VZ8CUCV;
				GENERATE_INFOPLIST_FILE = YES;
				IPHONEOS_DEPLOYMENT_TARGET = 14.0;
				MARKETING_VERSION = 1.0;
				PRODUCT_BUNDLE_IDENTIFIER = co.masonKim.MoviestagramTests;
				PRODUCT_NAME = "$(TARGET_NAME)";
				SUPPORTED_PLATFORMS = "iphoneos iphonesimulator";
				SUPPORTS_MACCATALYST = NO;
				SUPPORTS_MAC_DESIGNED_FOR_IPHONE_IPAD = NO;
				SWIFT_EMIT_LOC_STRINGS = NO;
				SWIFT_VERSION = 5.0;
				TARGETED_DEVICE_FAMILY = 1;
				TEST_HOST = "$(BUILT_PRODUCTS_DIR)/Moviestagram.app/$(BUNDLE_EXECUTABLE_FOLDER_PATH)/Moviestagram";
			};
			name = Release;
		};
/* End XCBuildConfiguration section */

/* Begin XCConfigurationList section */
		B45638C7298DF02D00C42861 /* Build configuration list for PBXProject "Moviestagram" */ = {
			isa = XCConfigurationList;
			buildConfigurations = (
				B45638F4298DF02F00C42861 /* Debug */,
				B45638F5298DF02F00C42861 /* Release */,
			);
			defaultConfigurationIsVisible = 0;
			defaultConfigurationName = Release;
		};
		B45638F6298DF02F00C42861 /* Build configuration list for PBXNativeTarget "Moviestagram" */ = {
			isa = XCConfigurationList;
			buildConfigurations = (
				B45638F7298DF02F00C42861 /* Debug */,
				B45638F8298DF02F00C42861 /* Release */,
			);
			defaultConfigurationIsVisible = 0;
			defaultConfigurationName = Release;
		};
		B45638F9298DF02F00C42861 /* Build configuration list for PBXNativeTarget "MoviestagramTests" */ = {
			isa = XCConfigurationList;
			buildConfigurations = (
				B45638FA298DF02F00C42861 /* Debug */,
				B45638FB298DF02F00C42861 /* Release */,
			);
			defaultConfigurationIsVisible = 0;
			defaultConfigurationName = Release;
		};
/* End XCConfigurationList section */

/* Begin XCRemoteSwiftPackageReference section */
		B448D38E298F53130042C0BF /* XCRemoteSwiftPackageReference "SnapKit" */ = {
			isa = XCRemoteSwiftPackageReference;
			repositoryURL = "https://github.com/SnapKit/SnapKit";
			requirement = {
				kind = upToNextMajorVersion;
				minimumVersion = 5.0.0;
			};
		};
		B456391E298E19A500C42861 /* XCRemoteSwiftPackageReference "Kingfisher" */ = {
			isa = XCRemoteSwiftPackageReference;
			repositoryURL = "https://github.com/onevcat/Kingfisher";
			requirement = {
				kind = upToNextMajorVersion;
				minimumVersion = 7.0.0;
			};
		};
/* End XCRemoteSwiftPackageReference section */

/* Begin XCSwiftPackageProductDependency section */
		B448D38F298F53140042C0BF /* SnapKit */ = {
			isa = XCSwiftPackageProductDependency;
			package = B448D38E298F53130042C0BF /* XCRemoteSwiftPackageReference "SnapKit" */;
			productName = SnapKit;
		};
		B456391F298E19A500C42861 /* Kingfisher */ = {
			isa = XCSwiftPackageProductDependency;
			package = B456391E298E19A500C42861 /* XCRemoteSwiftPackageReference "Kingfisher" */;
			productName = Kingfisher;
		};
/* End XCSwiftPackageProductDependency section */
	};
	rootObject = B45638C4298DF02D00C42861 /* Project object */;
}
